
Microsoft Visual Studio Solution File, Format Version 12.00
# Visual Studio 15
VisualStudioVersion = 15.0.27428.2015
MinimumVisualStudioVersion = 10.0.40219.1
Project("{FAE04EC0-301F-11D3-BF4B-00C04F79EFBC}") = "Ch06-Practice02", "Ch06-Practice02\Ch06-Practice02.csproj", "{633223B6-B493-4F56-85A9-FD3317BE7A61}"
EndProject
Global
	GlobalSection(SolutionConfigurationPlatforms) = preSolution
		Debug|Any CPU = Debug|Any CPU
		Release|Any CPU = Release|Any CPU
	EndGlobalSection
	GlobalSection(ProjectConfigurationPlatforms) = postSolution
		{633223B6-B493-4F56-85A9-FD3317BE7A61}.Debug|Any CPU.ActiveCfg = Debug|Any CPU
		{633223B6-B493-4F56-85A9-FD3317BE7A61}.Debug|Any CPU.Build.0 = Debug|Any CPU
		{633223B6-B493-4F56-85A9-FD3317BE7A61}.Release|Any CPU.ActiveCfg = Release|Any CPU
		{633223B6-B493-4F56-85A9-FD3317BE7A61}.Release|Any CPU.Build.0 = Release|Any CPU
	EndGlobalSection
	GlobalSection(SolutionProperties) = preSolution
		HideSolutionNode = FALSE
	EndGlobalSection
	GlobalSection(ExtensibilityGlobals) = postSolution
		SolutionGuid = {2DAA0E6C-689C-439B-ABE8-8C4B50A52EB6}
	EndGlobalSection
EndGlobal
