
Microsoft Visual Studio Solution File, Format Version 12.00
# Visual Studio 15
VisualStudioVersion = 15.0.27428.2015
MinimumVisualStudioVersion = 10.0.40219.1
Project("{FAE04EC0-301F-11D3-BF4B-00C04F79EFBC}") = "Ch06-Practice03", "Ch06-Practice03\Ch06-Practice03.csproj", "{3E7AD4BF-F3C3-442B-9ABF-FDFEF99F105D}"
EndProject
Global
	GlobalSection(SolutionConfigurationPlatforms) = preSolution
		Debug|Any CPU = Debug|Any CPU
		Release|Any CPU = Release|Any CPU
	EndGlobalSection
	GlobalSection(ProjectConfigurationPlatforms) = postSolution
		{3E7AD4BF-F3C3-442B-9ABF-FDFEF99F105D}.Debug|Any CPU.ActiveCfg = Debug|Any CPU
		{3E7AD4BF-F3C3-442B-9ABF-FDFEF99F105D}.Debug|Any CPU.Build.0 = Debug|Any CPU
		{3E7AD4BF-F3C3-442B-9ABF-FDFEF99F105D}.Release|Any CPU.ActiveCfg = Release|Any CPU
		{3E7AD4BF-F3C3-442B-9ABF-FDFEF99F105D}.Release|Any CPU.Build.0 = Release|Any CPU
	EndGlobalSection
	GlobalSection(SolutionProperties) = preSolution
		HideSolutionNode = FALSE
	EndGlobalSection
	GlobalSection(ExtensibilityGlobals) = postSolution
		SolutionGuid = {58AB44A8-566A-4287-B9E7-9DF636AD3B96}
	EndGlobalSection
EndGlobal
